
Microsoft Visual Studio Solution File, Format Version 12.00
# Visual Studio Version 17
VisualStudioVersion = 17.11.35312.102
MinimumVisualStudioVersion = 10.0.40219.1
Project("{FAE04EC0-301F-11D3-BF4B-00C04F79EFBC}") = "QodoProject", "QodoProject\QodoProject.csproj", "{70384448-F91D-4DDE-B233-2DA8DC5137CB}"
EndProject
Project("{FAE04EC0-301F-11D3-BF4B-00C04F79EFBC}") = "qodoTests", "qodoTests\qodoTests.csproj", "{DFF06EA1-E1F5-4A28-A8D8-C05B835847B9}"
EndProject
Global
	GlobalSection(SolutionConfigurationPlatforms) = preSolution
		Debug|Any CPU = Debug|Any CPU
		Release|Any CPU = Release|Any CPU
	EndGlobalSection
	GlobalSection(ProjectConfigurationPlatforms) = postSolution
		{70384448-F91D-4DDE-B233-2DA8DC5137CB}.Debug|Any CPU.ActiveCfg = Debug|Any CPU
		{70384448-F91D-4DDE-B233-2DA8DC5137CB}.Debug|Any CPU.Build.0 = Debug|Any CPU
		{70384448-F91D-4DDE-B233-2DA8DC5137CB}.Release|Any CPU.ActiveCfg = Release|Any CPU
		{70384448-F91D-4DDE-B233-2DA8DC5137CB}.Release|Any CPU.Build.0 = Release|Any CPU
		{DFF06EA1-E1F5-4A28-A8D8-C05B835847B9}.Debug|Any CPU.ActiveCfg = Debug|Any CPU
		{DFF06EA1-E1F5-4A28-A8D8-C05B835847B9}.Debug|Any CPU.Build.0 = Debug|Any CPU
		{DFF06EA1-E1F5-4A28-A8D8-C05B835847B9}.Release|Any CPU.ActiveCfg = Release|Any CPU
		{DFF06EA1-E1F5-4A28-A8D8-C05B835847B9}.Release|Any CPU.Build.0 = Release|Any CPU
	EndGlobalSection
	GlobalSection(SolutionProperties) = preSolution
		HideSolutionNode = FALSE
	EndGlobalSection
	GlobalSection(ExtensibilityGlobals) = postSolution
		SolutionGuid = {2F1206CC-280D-414E-97B2-DFC1F91A6D4A}
	EndGlobalSection
EndGlobal
